
Microsoft Visual Studio Solution File, Format Version 12.00
# Visual Studio Version 16
VisualStudioVersion = 16.0.32428.217
MinimumVisualStudioVersion = 10.0.40219.1
Project("{FAE04EC0-301F-11D3-BF4B-00C04F79EFBC}") = "052677", "052677\052677.csproj", "{EA16C8CB-158C-4BF4-AE26-3989243630F3}"
EndProject
Global
	GlobalSection(SolutionConfigurationPlatforms) = preSolution
		Debug|Any CPU = Debug|Any CPU
		Release|Any CPU = Release|Any CPU
	EndGlobalSection
	GlobalSection(ProjectConfigurationPlatforms) = postSolution
		{EA16C8CB-158C-4BF4-AE26-3989243630F3}.Debug|Any CPU.ActiveCfg = Debug|Any CPU
		{EA16C8CB-158C-4BF4-AE26-3989243630F3}.Debug|Any CPU.Build.0 = Debug|Any CPU
		{EA16C8CB-158C-4BF4-AE26-3989243630F3}.Release|Any CPU.ActiveCfg = Release|Any CPU
		{EA16C8CB-158C-4BF4-AE26-3989243630F3}.Release|Any CPU.Build.0 = Release|Any CPU
	EndGlobalSection
	GlobalSection(SolutionProperties) = preSolution
		HideSolutionNode = FALSE
	EndGlobalSection
	GlobalSection(ExtensibilityGlobals) = postSolution
		SolutionGuid = {0C581C5A-3873-47B6-8E2D-6302F01D31F8}
	EndGlobalSection
EndGlobal
